
Microsoft Visual Studio Solution File, Format Version 12.00
# Visual Studio Version 17
VisualStudioVersion = 17.13.35806.99 d17.13
MinimumVisualStudioVersion = 10.0.40219.1
Project("{FAE04EC0-301F-11D3-BF4B-00C04F79EFBC}") = "LAB4wc", "LAB4wc.csproj", "{EB4AB0FF-EB7D-4AF5-A3F3-4A44D810CAE0}"
EndProject
Global
	GlobalSection(SolutionConfigurationPlatforms) = preSolution
		Debug|Any CPU = Debug|Any CPU
		Release|Any CPU = Release|Any CPU
	EndGlobalSection
	GlobalSection(ProjectConfigurationPlatforms) = postSolution
		{EB4AB0FF-EB7D-4AF5-A3F3-4A44D810CAE0}.Debug|Any CPU.ActiveCfg = Debug|Any CPU
		{EB4AB0FF-EB7D-4AF5-A3F3-4A44D810CAE0}.Debug|Any CPU.Build.0 = Debug|Any CPU
		{EB4AB0FF-EB7D-4AF5-A3F3-4A44D810CAE0}.Release|Any CPU.ActiveCfg = Release|Any CPU
		{EB4AB0FF-EB7D-4AF5-A3F3-4A44D810CAE0}.Release|Any CPU.Build.0 = Release|Any CPU
	EndGlobalSection
	GlobalSection(SolutionProperties) = preSolution
		HideSolutionNode = FALSE
	EndGlobalSection
	GlobalSection(ExtensibilityGlobals) = postSolution
		SolutionGuid = {088018CA-661E-41D2-ABA6-9C4175701530}
	EndGlobalSection
EndGlobal
