
Microsoft Visual Studio Solution File, Format Version 12.00
# Visual Studio Version 17
VisualStudioVersion = 17.13.35806.99 d17.13
MinimumVisualStudioVersion = 10.0.40219.1
Project("{FAE04EC0-301F-11D3-BF4B-00C04F79EFBC}") = "LAB1ClassEnrolment", "LAB1ClassEnrolment.csproj", "{DD5113BE-03CE-4902-999C-D9F12554D810}"
EndProject
Global
	GlobalSection(SolutionConfigurationPlatforms) = preSolution
		Debug|Any CPU = Debug|Any CPU
		Release|Any CPU = Release|Any CPU
	EndGlobalSection
	GlobalSection(ProjectConfigurationPlatforms) = postSolution
		{DD5113BE-03CE-4902-999C-D9F12554D810}.Debug|Any CPU.ActiveCfg = Debug|Any CPU
		{DD5113BE-03CE-4902-999C-D9F12554D810}.Debug|Any CPU.Build.0 = Debug|Any CPU
		{DD5113BE-03CE-4902-999C-D9F12554D810}.Release|Any CPU.ActiveCfg = Release|Any CPU
		{DD5113BE-03CE-4902-999C-D9F12554D810}.Release|Any CPU.Build.0 = Release|Any CPU
	EndGlobalSection
	GlobalSection(SolutionProperties) = preSolution
		HideSolutionNode = FALSE
	EndGlobalSection
	GlobalSection(ExtensibilityGlobals) = postSolution
		SolutionGuid = {0C49F4BE-86D8-4B05-8E82-E2F990159CC2}
	EndGlobalSection
EndGlobal
